
Microsoft Visual Studio Solution File, Format Version 12.00
# Visual Studio Version 16
VisualStudioVersion = 16.0.32901.82
MinimumVisualStudioVersion = 10.0.40219.1
Project("{FAE04EC0-301F-11D3-BF4B-00C04F79EFBC}") = "Semana_10", "Semana_10\Semana_10.csproj", "{251F4711-2CE2-46CE-8E62-E5306B9AF408}"
EndProject
Global
	GlobalSection(SolutionConfigurationPlatforms) = preSolution
		Debug|Any CPU = Debug|Any CPU
		Release|Any CPU = Release|Any CPU
	EndGlobalSection
	GlobalSection(ProjectConfigurationPlatforms) = postSolution
		{251F4711-2CE2-46CE-8E62-E5306B9AF408}.Debug|Any CPU.ActiveCfg = Debug|Any CPU
		{251F4711-2CE2-46CE-8E62-E5306B9AF408}.Debug|Any CPU.Build.0 = Debug|Any CPU
		{251F4711-2CE2-46CE-8E62-E5306B9AF408}.Release|Any CPU.ActiveCfg = Release|Any CPU
		{251F4711-2CE2-46CE-8E62-E5306B9AF408}.Release|Any CPU.Build.0 = Release|Any CPU
	EndGlobalSection
	GlobalSection(SolutionProperties) = preSolution
		HideSolutionNode = FALSE
	EndGlobalSection
	GlobalSection(ExtensibilityGlobals) = postSolution
		SolutionGuid = {361EA7EA-3FAF-434F-9060-A8A0E1F0085E}
	EndGlobalSection
EndGlobal
